// !$*UTF8*$!
{
	archiveVersion = 1;
	classes = {
	};
	objectVersion = 55;
	objects = {

/* Begin PBXBuildFile section */
		048DA7E32841DEDA008B6A42 /* AppDelegate.swift in Sources */ = {isa = PBXBuildFile; fileRef = 048DA7E22841DEDA008B6A42 /* AppDelegate.swift */; };
		048DA7E52841DEDA008B6A42 /* SceneDelegate.swift in Sources */ = {isa = PBXBuildFile; fileRef = 048DA7E42841DEDA008B6A42 /* SceneDelegate.swift */; };
		048DA7E72841DEDA008B6A42 /* ViewController.swift in Sources */ = {isa = PBXBuildFile; fileRef = 048DA7E62841DEDA008B6A42 /* ViewController.swift */; };
		048DA7EA2841DEDA008B6A42 /* Main.storyboard in Resources */ = {isa = PBXBuildFile; fileRef = 048DA7E82841DEDA008B6A42 /* Main.storyboard */; };
		048DA7ED2841DEDA008B6A42 /* RingtoneProZ.xcdatamodeld in Sources */ = {isa = PBXBuildFile; fileRef = 048DA7EB2841DEDA008B6A42 /* RingtoneProZ.xcdatamodeld */; };
		048DA7EF2841DEDB008B6A42 /* Assets.xcassets in Resources */ = {isa = PBXBuildFile; fileRef = 048DA7EE2841DEDB008B6A42 /* Assets.xcassets */; };
		048DA7F22841DEDB008B6A42 /* LaunchScreen.storyboard in Resources */ = {isa = PBXBuildFile; fileRef = 048DA7F02841DEDB008B6A42 /* LaunchScreen.storyboard */; };
		778A6BD2380C93D7F6DFAC0C /* Pods_RingtoneProZ.framework in Frameworks */ = {isa = PBXBuildFile; fileRef = 9B0B17887E5848AA560B5852 /* Pods_RingtoneProZ.framework */; };
/* End PBXBuildFile section */

/* Begin PBXFileReference section */
		048DA7DF2841DEDA008B6A42 /* RingtoneProZ.app */ = {isa = PBXFileReference; explicitFileType = wrapper.application; includeInIndex = 0; path = RingtoneProZ.app; sourceTree = BUILT_PRODUCTS_DIR; };
		048DA7E22841DEDA008B6A42 /* AppDelegate.swift */ = {isa = PBXFileReference; lastKnownFileType = sourcecode.swift; path = AppDelegate.swift; sourceTree = "<group>"; };
		048DA7E42841DEDA008B6A42 /* SceneDelegate.swift */ = {isa = PBXFileReference; lastKnownFileType = sourcecode.swift; path = SceneDelegate.swift; sourceTree = "<group>"; };
		048DA7E62841DEDA008B6A42 /* ViewController.swift */ = {isa = PBXFileReference; lastKnownFileType = sourcecode.swift; path = ViewController.swift; sourceTree = "<group>"; };
		048DA7E92841DEDA008B6A42 /* Base */ = {isa = PBXFileReference; lastKnownFileType = file.storyboard; name = Base; path = Base.lproj/Main.storyboard; sourceTree = "<group>"; };
		048DA7EC2841DEDA008B6A42 /* RingtoneProZ.xcdatamodel */ = {isa = PBXFileReference; lastKnownFileType = wrapper.xcdatamodel; path = RingtoneProZ.xcdatamodel; sourceTree = "<group>"; };
		048DA7EE2841DEDB008B6A42 /* Assets.xcassets */ = {isa = PBXFileReference; lastKnownFileType = folder.assetcatalog; path = Assets.xcassets; sourceTree = "<group>"; };
		048DA7F12841DEDB008B6A42 /* Base */ = {isa = PBXFileReference; lastKnownFileType = file.storyboard; name = Base; path = Base.lproj/LaunchScreen.storyboard; sourceTree = "<group>"; };
		048DA7F32841DEDB008B6A42 /* Info.plist */ = {isa = PBXFileReference; lastKnownFileType = text.plist.xml; path = Info.plist; sourceTree = "<group>"; };
		523F6EFCC9E2DE2DCE9EDD8B /* Pods-RingtoneProZ.release.xcconfig */ = {isa = PBXFileReference; includeInIndex = 1; lastKnownFileType = text.xcconfig; name = "Pods-RingtoneProZ.release.xcconfig"; path = "Target Support Files/Pods-RingtoneProZ/Pods-RingtoneProZ.release.xcconfig"; sourceTree = "<group>"; };
		9B0B17887E5848AA560B5852 /* Pods_RingtoneProZ.framework */ = {isa = PBXFileReference; explicitFileType = wrapper.framework; includeInIndex = 0; path = Pods_RingtoneProZ.framework; sourceTree = BUILT_PRODUCTS_DIR; };
		BAA2FDA9A7131895DB1175C0 /* Pods-RingtoneProZ.debug.xcconfig */ = {isa = PBXFileReference; includeInIndex = 1; lastKnownFileType = text.xcconfig; name = "Pods-RingtoneProZ.debug.xcconfig"; path = "Target Support Files/Pods-RingtoneProZ/Pods-RingtoneProZ.debug.xcconfig"; sourceTree = "<group>"; };
/* End PBXFileReference section */

/* Begin PBXFrameworksBuildPhase section */
		048DA7DC2841DEDA008B6A42 /* Frameworks */ = {
			isa = PBXFrameworksBuildPhase;
			buildActionMask = 2147483647;
			files = (
				778A6BD2380C93D7F6DFAC0C /* Pods_RingtoneProZ.framework in Frameworks */,
			);
			runOnlyForDeploymentPostprocessing = 0;
		};
/* End PBXFrameworksBuildPhase section */

/* Begin PBXGroup section */
		048DA7D62841DEDA008B6A42 = {
			isa = PBXGroup;
			children = (
				048DA7E12841DEDA008B6A42 /* RingtoneProZ */,
				048DA7E02841DEDA008B6A42 /* Products */,
				F8AEFEA2F8B74B642F193F82 /* Pods */,
				C0C35C3AC79DA25DE4B541CA /* Frameworks */,
			);
			sourceTree = "<group>";
		};
		048DA7E02841DEDA008B6A42 /* Products */ = {
			isa = PBXGroup;
			children = (
				048DA7DF2841DEDA008B6A42 /* RingtoneProZ.app */,
			);
			name = Products;
			sourceTree = "<group>";
		};
		048DA7E12841DEDA008B6A42 /* RingtoneProZ */ = {
			isa = PBXGroup;
			children = (
				048DA7E22841DEDA008B6A42 /* AppDelegate.swift */,
				048DA7E42841DEDA008B6A42 /* SceneDelegate.swift */,
				048DA7E62841DEDA008B6A42 /* ViewController.swift */,
				048DA7E82841DEDA008B6A42 /* Main.storyboard */,
				048DA7EE2841DEDB008B6A42 /* Assets.xcassets */,
				048DA7F02841DEDB008B6A42 /* LaunchScreen.storyboard */,
				048DA7F32841DEDB008B6A42 /* Info.plist */,
				048DA7EB2841DEDA008B6A42 /* RingtoneProZ.xcdatamodeld */,
			);
			path = RingtoneProZ;
			sourceTree = "<group>";
		};
		C0C35C3AC79DA25DE4B541CA /* Frameworks */ = {
			isa = PBXGroup;
			children = (
				9B0B17887E5848AA560B5852 /* Pods_RingtoneProZ.framework */,
			);
			name = Frameworks;
			sourceTree = "<group>";
		};
		F8AEFEA2F8B74B642F193F82 /* Pods */ = {
			isa = PBXGroup;
			children = (
				BAA2FDA9A7131895DB1175C0 /* Pods-RingtoneProZ.debug.xcconfig */,
				523F6EFCC9E2DE2DCE9EDD8B /* Pods-RingtoneProZ.release.xcconfig */,
			);
			name = Pods;
			path = ../Pods;
			sourceTree = "<group>";
		};
/* End PBXGroup section */

/* Begin PBXNativeTarget section */
		048DA7DE2841DEDA008B6A42 /* RingtoneProZ */ = {
			isa = PBXNativeTarget;
			buildConfigurationList = 048DA7F62841DEDB008B6A42 /* Build configuration list for PBXNativeTarget "RingtoneProZ" */;
			buildPhases = (
				B0B7CA9F7736571F41A34DA5 /* [CP] Check Pods Manifest.lock */,
				048DA7DB2841DEDA008B6A42 /* Sources */,
				048DA7DC2841DEDA008B6A42 /* Frameworks */,
				048DA7DD2841DEDA008B6A42 /* Resources */,
				9A2AF31F98171799888E6958 /* [CP] Embed Pods Frameworks */,
			);
			buildRules = (
			);
			dependencies = (
			);
			name = RingtoneProZ;
			productName = RingtoneProZ;
			productReference = 048DA7DF2841DEDA008B6A42 /* RingtoneProZ.app */;
			productType = "com.apple.product-type.application";
		};
/* End PBXNativeTarget section */

/* Begin PBXProject section */
		048DA7D72841DEDA008B6A42 /* Project object */ = {
			isa = PBXProject;
			attributes = {
				BuildIndependentTargetsInParallel = 1;
				LastSwiftUpdateCheck = 1340;
				LastUpgradeCheck = 1340;
				TargetAttributes = {
					048DA7DE2841DEDA008B6A42 = {
						CreatedOnToolsVersion = 13.4;
					};
				};
			};
			buildConfigurationList = 048DA7DA2841DEDA008B6A42 /* Build configuration list for PBXProject "RingtoneProZ" */;
			compatibilityVersion = "Xcode 13.0";
			developmentRegion = en;
			hasScannedForEncodings = 0;
			knownRegions = (
				en,
				Base,
			);
			mainGroup = 048DA7D62841DEDA008B6A42;
			productRefGroup = 048DA7E02841DEDA008B6A42 /* Products */;
			projectDirPath = "";
			projectRoot = "";
			targets = (
				048DA7DE2841DEDA008B6A42 /* RingtoneProZ */,
			);
		};
/* End PBXProject section */

/* Begin PBXResourcesBuildPhase section */
		048DA7DD2841DEDA008B6A42 /* Resources */ = {
			isa = PBXResourcesBuildPhase;
			buildActionMask = 2147483647;
			files = (
				048DA7F22841DEDB008B6A42 /* LaunchScreen.storyboard in Resources */,
				048DA7EF2841DEDB008B6A42 /* Assets.xcassets in Resources */,
				048DA7EA2841DEDA008B6A42 /* Main.storyboard in Resources */,
			);
			runOnlyForDeploymentPostprocessing = 0;
		};
/* End PBXResourcesBuildPhase section */

/* Begin PBXShellScriptBuildPhase section */
		9A2AF31F98171799888E6958 /* [CP] Embed Pods Frameworks */ = {
			isa = PBXShellScriptBuildPhase;
			buildActionMask = 2147483647;
			files = (
			);
			inputFileListPaths = (
				"${PODS_ROOT}/Target Support Files/Pods-RingtoneProZ/Pods-RingtoneProZ-frameworks-${CONFIGURATION}-input-files.xcfilelist",
			);
			name = "[CP] Embed Pods Frameworks";
			outputFileListPaths = (
				"${PODS_ROOT}/Target Support Files/Pods-RingtoneProZ/Pods-RingtoneProZ-frameworks-${CONFIGURATION}-output-files.xcfilelist",
			);
			runOnlyForDeploymentPostprocessing = 0;
			shellPath = /bin/sh;
			shellScript = "\"${PODS_ROOT}/Target Support Files/Pods-RingtoneProZ/Pods-RingtoneProZ-frameworks.sh\"\n";
			showEnvVarsInLog = 0;
		};
		B0B7CA9F7736571F41A34DA5 /* [CP] Check Pods Manifest.lock */ = {
			isa = PBXShellScriptBuildPhase;
			buildActionMask = 2147483647;
			files = (
			);
			inputFileListPaths = (
			);
			inputPaths = (
				"${PODS_PODFILE_DIR_PATH}/Podfile.lock",
				"${PODS_ROOT}/Manifest.lock",
			);
			name = "[CP] Check Pods Manifest.lock";
			outputFileListPaths = (
			);
			outputPaths = (
				"$(DERIVED_FILE_DIR)/Pods-RingtoneProZ-checkManifestLockResult.txt",
			);
			runOnlyForDeploymentPostprocessing = 0;
			shellPath = /bin/sh;
			shellScript = "diff \"${PODS_PODFILE_DIR_PATH}/Podfile.lock\" \"${PODS_ROOT}/Manifest.lock\" > /dev/null\nif [ $? != 0 ] ; then\n    # print error to STDERR\n    echo \"error: The sandbox is not in sync with the Podfile.lock. Run 'pod install' or update your CocoaPods installation.\" >&2\n    exit 1\nfi\n# This output is used by Xcode 'outputs' to avoid re-running this script phase.\necho \"SUCCESS\" > \"${SCRIPT_OUTPUT_FILE_0}\"\n";
			showEnvVarsInLog = 0;
		};
/* End PBXShellScriptBuildPhase section */

/* Begin PBXSourcesBuildPhase section */
		048DA7DB2841DEDA008B6A42 /* Sources */ = {
			isa = PBXSourcesBuildPhase;
			buildActionMask = 2147483647;
			files = (
				048DA7E72841DEDA008B6A42 /* ViewController.swift in Sources */,
				048DA7E32841DEDA008B6A42 /* AppDelegate.swift in Sources */,
				048DA7ED2841DEDA008B6A42 /* RingtoneProZ.xcdatamodeld in Sources */,
				048DA7E52841DEDA008B6A42 /* SceneDelegate.swift in Sources */,
			);
			runOnlyForDeploymentPostprocessing = 0;
		};
/* End PBXSourcesBuildPhase section */

/* Begin PBXVariantGroup section */
		048DA7E82841DEDA008B6A42 /* Main.storyboard */ = {
			isa = PBXVariantGroup;
			children = (
				048DA7E92841DEDA008B6A42 /* Base */,
			);
			name = Main.storyboard;
			sourceTree = "<group>";
		};
		048DA7F02841DEDB008B6A42 /* LaunchScreen.storyboard */ = {
			isa = PBXVariantGroup;
			children = (
				048DA7F12841DEDB008B6A42 /* Base */,
			);
			name = LaunchScreen.storyboard;
			sourceTree = "<group>";
		};
/* End PBXVariantGroup section */

/* Begin XCBuildConfiguration section */
		048DA7F42841DEDB008B6A42 /* Debug */ = {
			isa = XCBuildConfiguration;
			buildSettings = {
				ALWAYS_SEARCH_USER_PATHS = NO;
				CLANG_ANALYZER_NONNULL = YES;
				CLANG_ANALYZER_NUMBER_OBJECT_CONVERSION = YES_AGGRESSIVE;
				CLANG_CXX_LANGUAGE_STANDARD = "gnu++17";
				CLANG_ENABLE_MODULES = YES;
				CLANG_ENABLE_OBJC_ARC = YES;
				CLANG_ENABLE_OBJC_WEAK = YES;
				CLANG_WARN_BLOCK_CAPTURE_AUTORELEASING = YES;
				CLANG_WARN_BOOL_CONVERSION = YES;
				CLANG_WARN_COMMA = YES;
				CLANG_WARN_CONSTANT_CONVERSION = YES;
				CLANG_WARN_DEPRECATED_OBJC_IMPLEMENTATIONS = YES;
				CLANG_WARN_DIRECT_OBJC_ISA_USAGE = YES_ERROR;
				CLANG_WARN_DOCUMENTATION_COMMENTS = YES;
				CLANG_WARN_EMPTY_BODY = YES;
				CLANG_WARN_ENUM_CONVERSION = YES;
				CLANG_WARN_INFINITE_RECURSION = YES;
				CLANG_WARN_INT_CONVERSION = YES;
				CLANG_WARN_NON_LITERAL_NULL_CONVERSION = YES;
				CLANG_WARN_OBJC_IMPLICIT_RETAIN_SELF = YES;
				CLANG_WARN_OBJC_LITERAL_CONVERSION = YES;
				CLANG_WARN_OBJC_ROOT_CLASS = YES_ERROR;
				CLANG_WARN_QUOTED_INCLUDE_IN_FRAMEWORK_HEADER = YES;
				CLANG_WARN_RANGE_LOOP_ANALYSIS = YES;
				CLANG_WARN_STRICT_PROTOTYPES = YES;
				CLANG_WARN_SUSPICIOUS_MOVE = YES;
				CLANG_WARN_UNGUARDED_AVAILABILITY = YES_AGGRESSIVE;
				CLANG_WARN_UNREACHABLE_CODE = YES;
				CLANG_WARN__DUPLICATE_METHOD_MATCH = YES;
				COPY_PHASE_STRIP = NO;
				DEBUG_INFORMATION_FORMAT = dwarf;
				ENABLE_STRICT_OBJC_MSGSEND = YES;
				ENABLE_TESTABILITY = YES;
				GCC_C_LANGUAGE_STANDARD = gnu11;
				GCC_DYNAMIC_NO_PIC = NO;
				GCC_NO_COMMON_BLOCKS = YES;
				GCC_OPTIMIZATION_LEVEL = 0;
				GCC_PREPROCESSOR_DEFINITIONS = (
					"DEBUG=1",
					"$(inherited)",
				);
				GCC_WARN_64_TO_32_BIT_CONVERSION = YES;
				GCC_WARN_ABOUT_RETURN_TYPE = YES_ERROR;
				GCC_WARN_UNDECLARED_SELECTOR = YES;
				GCC_WARN_UNINITIALIZED_AUTOS = YES_AGGRESSIVE;
				GCC_WARN_UNUSED_FUNCTION = YES;
				GCC_WARN_UNUSED_VARIABLE = YES;
				IPHONEOS_DEPLOYMENT_TARGET = 15.5;
				MTL_ENABLE_DEBUG_INFO = INCLUDE_SOURCE;
				MTL_FAST_MATH = YES;
				ONLY_ACTIVE_ARCH = YES;
				SDKROOT = iphoneos;
				SWIFT_ACTIVE_COMPILATION_CONDITIONS = DEBUG;
				SWIFT_OPTIMIZATION_LEVEL = "-Onone";
			};
			name = Debug;
		};
		048DA7F52841DEDB008B6A42 /* Release */ = {
			isa = XCBuildConfiguration;
			buildSettings = {
				ALWAYS_SEARCH_USER_PATHS = NO;
				CLANG_ANALYZER_NONNULL = YES;
				CLANG_ANALYZER_NUMBER_OBJECT_CONVERSION = YES_AGGRESSIVE;
				CLANG_CXX_LANGUAGE_STANDARD = "gnu++17";
				CLANG_ENABLE_MODULES = YES;
				CLANG_ENABLE_OBJC_ARC = YES;
				CLANG_ENABLE_OBJC_WEAK = YES;
				CLANG_WARN_BLOCK_CAPTURE_AUTORELEASING = YES;
				CLANG_WARN_BOOL_CONVERSION = YES;
				CLANG_WARN_COMMA = YES;
				CLANG_WARN_CONSTANT_CONVERSION = YES;
				CLANG_WARN_DEPRECATED_OBJC_IMPLEMENTATIONS = YES;
				CLANG_WARN_DIRECT_OBJC_ISA_USAGE = YES_ERROR;
				CLANG_WARN_DOCUMENTATION_COMMENTS = YES;
				CLANG_WARN_EMPTY_BODY = YES;
				CLANG_WARN_ENUM_CONVERSION = YES;
				CLANG_WARN_INFINITE_RECURSION = YES;
				CLANG_WARN_INT_CONVERSION = YES;
				CLANG_WARN_NON_LITERAL_NULL_CONVERSION = YES;
				CLANG_WARN_OBJC_IMPLICIT_RETAIN_SELF = YES;
				CLANG_WARN_OBJC_LITERAL_CONVERSION = YES;
				CLANG_WARN_OBJC_ROOT_CLASS = YES_ERROR;
				CLANG_WARN_QUOTED_INCLUDE_IN_FRAMEWORK_HEADER = YES;
				CLANG_WARN_RANGE_LOOP_ANALYSIS = YES;
				CLANG_WARN_STRICT_PROTOTYPES = YES;
				CLANG_WARN_SUSPICIOUS_MOVE = YES;
				CLANG_WARN_UNGUARDED_AVAILABILITY = YES_AGGRESSIVE;
				CLANG_WARN_UNREACHABLE_CODE = YES;
				CLANG_WARN__DUPLICATE_METHOD_MATCH = YES;
				COPY_PHASE_STRIP = NO;
				DEBUG_INFORMATION_FORMAT = "dwarf-with-dsym";
				ENABLE_NS_ASSERTIONS = NO;
				ENABLE_STRICT_OBJC_MSGSEND = YES;
				GCC_C_LANGUAGE_STANDARD = gnu11;
				GCC_NO_COMMON_BLOCKS = YES;
				GCC_WARN_64_TO_32_BIT_CONVERSION = YES;
				GCC_WARN_ABOUT_RETURN_TYPE = YES_ERROR;
				GCC_WARN_UNDECLARED_SELECTOR = YES;
				GCC_WARN_UNINITIALIZED_AUTOS = YES_AGGRESSIVE;
				GCC_WARN_UNUSED_FUNCTION = YES;
				GCC_WARN_UNUSED_VARIABLE = YES;
				IPHONEOS_DEPLOYMENT_TARGET = 15.5;
				MTL_ENABLE_DEBUG_INFO = NO;
				MTL_FAST_MATH = YES;
				SDKROOT = iphoneos;
				SWIFT_COMPILATION_MODE = wholemodule;
				SWIFT_OPTIMIZATION_LEVEL = "-O";
				VALIDATE_PRODUCT = YES;
			};
			name = Release;
		};
		048DA7F72841DEDB008B6A42 /* Debug */ = {
			isa = XCBuildConfiguration;
			baseConfigurationReference = BAA2FDA9A7131895DB1175C0 /* Pods-RingtoneProZ.debug.xcconfig */;
			buildSettings = {
				ASSETCATALOG_COMPILER_APPICON_NAME = AppIcon;
				ASSETCATALOG_COMPILER_GLOBAL_ACCENT_COLOR_NAME = AccentColor;
				CODE_SIGN_STYLE = Automatic;
				CURRENT_PROJECT_VERSION = 1;
				GENERATE_INFOPLIST_FILE = YES;
				INFOPLIST_FILE = RingtoneProZ/Info.plist;
				INFOPLIST_KEY_UIApplicationSupportsIndirectInputEvents = YES;
				INFOPLIST_KEY_UILaunchStoryboardName = LaunchScreen;
				INFOPLIST_KEY_UIMainStoryboardFile = Main;
				INFOPLIST_KEY_UISupportedInterfaceOrientations_iPad = "UIInterfaceOrientationPortrait UIInterfaceOrientationPortraitUpsideDown UIInterfaceOrientationLandscapeLeft UIInterfaceOrientationLandscapeRight";
				INFOPLIST_KEY_UISupportedInterfaceOrientations_iPhone = "UIInterfaceOrientationPortrait UIInterfaceOrientationLandscapeLeft UIInterfaceOrientationLandscapeRight";
				IPHONEOS_DEPLOYMENT_TARGET = 12.0;
				LD_RUNPATH_SEARCH_PATHS = (
					"$(inherited)",
					"@executable_path/Frameworks",
				);
				MARKETING_VERSION = 1.0;
				PRODUCT_BUNDLE_IDENTIFIER = com.ringtone.pro.RingtoneProZ;
				PRODUCT_NAME = "$(TARGET_NAME)";
				SWIFT_EMIT_LOC_STRINGS = YES;
				SWIFT_VERSION = 5.0;
				TARGETED_DEVICE_FAMILY = "1,2";
			};
			name = Debug;
		};
		048DA7F82841DEDB008B6A42 /* Release */ = {
			isa = XCBuildConfiguration;
			baseConfigurationReference = 523F6EFCC9E2DE2DCE9EDD8B /* Pods-RingtoneProZ.release.xcconfig */;
			buildSettings = {
				ASSETCATALOG_COMPILER_APPICON_NAME = AppIcon;
				ASSETCATALOG_COMPILER_GLOBAL_ACCENT_COLOR_NAME = AccentColor;
				CODE_SIGN_STYLE = Automatic;
				CURRENT_PROJECT_VERSION = 1;
				GENERATE_INFOPLIST_FILE = YES;
				INFOPLIST_FILE = RingtoneProZ/Info.plist;
				INFOPLIST_KEY_UIApplicationSupportsIndirectInputEvents = YES;
				INFOPLIST_KEY_UILaunchStoryboardName = LaunchScreen;
				INFOPLIST_KEY_UIMainStoryboardFile = Main;
				INFOPLIST_KEY_UISupportedInterfaceOrientations_iPad = "UIInterfaceOrientationPortrait UIInterfaceOrientationPortraitUpsideDown UIInterfaceOrientationLandscapeLeft UIInterfaceOrientationLandscapeRight";
				INFOPLIST_KEY_UISupportedInterfaceOrientations_iPhone = "UIInterfaceOrientationPortrait UIInterfaceOrientationLandscapeLeft UIInterfaceOrientationLandscapeRight";
				IPHONEOS_DEPLOYMENT_TARGET = 12.0;
				LD_RUNPATH_SEARCH_PATHS = (
					"$(inherited)",
					"@executable_path/Frameworks",
				);
				MARKETING_VERSION = 1.0;
				PRODUCT_BUNDLE_IDENTIFIER = com.ringtone.pro.RingtoneProZ;
				PRODUCT_NAME = "$(TARGET_NAME)";
				SWIFT_EMIT_LOC_STRINGS = YES;
				SWIFT_VERSION = 5.0;
				TARGETED_DEVICE_FAMILY = "1,2";
			};
			name = Release;
		};
/* End XCBuildConfiguration section */

/* Begin XCConfigurationList section */
		048DA7DA2841DEDA008B6A42 /* Build configuration list for PBXProject "RingtoneProZ" */ = {
			isa = XCConfigurationList;
			buildConfigurations = (
				048DA7F42841DEDB008B6A42 /* Debug */,
				048DA7F52841DEDB008B6A42 /* Release */,
			);
			defaultConfigurationIsVisible = 0;
			defaultConfigurationName = Release;
		};
		048DA7F62841DEDB008B6A42 /* Build configuration list for PBXNativeTarget "RingtoneProZ" */ = {
			isa = XCConfigurationList;
			buildConfigurations = (
				048DA7F72841DEDB008B6A42 /* Debug */,
				048DA7F82841DEDB008B6A42 /* Release */,
			);
			defaultConfigurationIsVisible = 0;
			defaultConfigurationName = Release;
		};
/* End XCConfigurationList section */

/* Begin XCVersionGroup section */
		048DA7EB2841DEDA008B6A42 /* RingtoneProZ.xcdatamodeld */ = {
			isa = XCVersionGroup;
			children = (
				048DA7EC2841DEDA008B6A42 /* RingtoneProZ.xcdatamodel */,
			);
			currentVersion = 048DA7EC2841DEDA008B6A42 /* RingtoneProZ.xcdatamodel */;
			path = RingtoneProZ.xcdatamodeld;
			sourceTree = "<group>";
			versionGroupType = wrapper.xcdatamodel;
		};
/* End XCVersionGroup section */
	};
	rootObject = 048DA7D72841DEDA008B6A42 /* Project object */;
}
